
Microsoft Visual Studio Solution File, Format Version 12.00
# Visual Studio 15
VisualStudioVersion = 15.0.26124.0
MinimumVisualStudioVersion = 15.0.26124.0
Project("{FAE04EC0-301F-11D3-BF4B-00C04F79EFBC}") = "ASP.NET-CORE-3_Chapter_15", "ASP.NET-CORE-3_Chapter_15.csproj", "{2441B5AF-05C1-4065-BE66-6D7F55B65ECD}"
EndProject
Global
	GlobalSection(SolutionConfigurationPlatforms) = preSolution
		Debug|Any CPU = Debug|Any CPU
		Debug|x64 = Debug|x64
		Debug|x86 = Debug|x86
		Release|Any CPU = Release|Any CPU
		Release|x64 = Release|x64
		Release|x86 = Release|x86
	EndGlobalSection
	GlobalSection(SolutionProperties) = preSolution
		HideSolutionNode = FALSE
	EndGlobalSection
	GlobalSection(ProjectConfigurationPlatforms) = postSolution
		{2441B5AF-05C1-4065-BE66-6D7F55B65ECD}.Debug|Any CPU.ActiveCfg = Debug|Any CPU
		{2441B5AF-05C1-4065-BE66-6D7F55B65ECD}.Debug|Any CPU.Build.0 = Debug|Any CPU
		{2441B5AF-05C1-4065-BE66-6D7F55B65ECD}.Debug|x64.ActiveCfg = Debug|Any CPU
		{2441B5AF-05C1-4065-BE66-6D7F55B65ECD}.Debug|x64.Build.0 = Debug|Any CPU
		{2441B5AF-05C1-4065-BE66-6D7F55B65ECD}.Debug|x86.ActiveCfg = Debug|Any CPU
		{2441B5AF-05C1-4065-BE66-6D7F55B65ECD}.Debug|x86.Build.0 = Debug|Any CPU
		{2441B5AF-05C1-4065-BE66-6D7F55B65ECD}.Release|Any CPU.ActiveCfg = Release|Any CPU
		{2441B5AF-05C1-4065-BE66-6D7F55B65ECD}.Release|Any CPU.Build.0 = Release|Any CPU
		{2441B5AF-05C1-4065-BE66-6D7F55B65ECD}.Release|x64.ActiveCfg = Release|Any CPU
		{2441B5AF-05C1-4065-BE66-6D7F55B65ECD}.Release|x64.Build.0 = Release|Any CPU
		{2441B5AF-05C1-4065-BE66-6D7F55B65ECD}.Release|x86.ActiveCfg = Release|Any CPU
		{2441B5AF-05C1-4065-BE66-6D7F55B65ECD}.Release|x86.Build.0 = Release|Any CPU
	EndGlobalSection
EndGlobal
